
Microsoft Visual Studio Solution File, Format Version 12.00
# Visual Studio Version 17
VisualStudioVersion = 17.4.33213.308
MinimumVisualStudioVersion = 10.0.40219.1
Project("{FAE04EC0-301F-11D3-BF4B-00C04F79EFBC}") = "Middlewares", "Middlewares.csproj", "{2EA38879-8987-4F43-8C8E-1F891018C073}"
EndProject
Global
	GlobalSection(SolutionConfigurationPlatforms) = preSolution
		Debug|Any CPU = Debug|Any CPU
		Release|Any CPU = Release|Any CPU
	EndGlobalSection
	GlobalSection(ProjectConfigurationPlatforms) = postSolution
		{2EA38879-8987-4F43-8C8E-1F891018C073}.Debug|Any CPU.ActiveCfg = Debug|Any CPU
		{2EA38879-8987-4F43-8C8E-1F891018C073}.Debug|Any CPU.Build.0 = Debug|Any CPU
		{2EA38879-8987-4F43-8C8E-1F891018C073}.Release|Any CPU.ActiveCfg = Release|Any CPU
		{2EA38879-8987-4F43-8C8E-1F891018C073}.Release|Any CPU.Build.0 = Release|Any CPU
	EndGlobalSection
	GlobalSection(SolutionProperties) = preSolution
		HideSolutionNode = FALSE
	EndGlobalSection
	GlobalSection(ExtensibilityGlobals) = postSolution
		SolutionGuid = {41652466-1139-4337-8106-4AE879409961}
	EndGlobalSection
EndGlobal
